
Microsoft Visual Studio Solution File, Format Version 12.00
# Visual Studio Version 16
VisualStudioVersion = 16.0.30523.141
MinimumVisualStudioVersion = 10.0.40219.1
Project("{FAE04EC0-301F-11D3-BF4B-00C04F79EFBC}") = "ContaRemunerada", "ContaRemunerada\ContaRemunerada.csproj", "{96AFAB90-D0F3-46AC-ACCB-A69AB9ACEF17}"
EndProject
Project("{9A19103F-16F7-4668-BE54-9A1E7A4F7556}") = "ContaRemunerada.Tests", "ContaRemunerada.Tests\ContaRemunerada.Tests.csproj", "{D985C640-B47D-4289-840F-56ED79CA3BBF}"
EndProject
Global
	GlobalSection(SolutionConfigurationPlatforms) = preSolution
		Debug|Any CPU = Debug|Any CPU
		Release|Any CPU = Release|Any CPU
	EndGlobalSection
	GlobalSection(ProjectConfigurationPlatforms) = postSolution
		{96AFAB90-D0F3-46AC-ACCB-A69AB9ACEF17}.Debug|Any CPU.ActiveCfg = Debug|Any CPU
		{96AFAB90-D0F3-46AC-ACCB-A69AB9ACEF17}.Debug|Any CPU.Build.0 = Debug|Any CPU
		{96AFAB90-D0F3-46AC-ACCB-A69AB9ACEF17}.Release|Any CPU.ActiveCfg = Release|Any CPU
		{96AFAB90-D0F3-46AC-ACCB-A69AB9ACEF17}.Release|Any CPU.Build.0 = Release|Any CPU
		{D985C640-B47D-4289-840F-56ED79CA3BBF}.Debug|Any CPU.ActiveCfg = Debug|Any CPU
		{D985C640-B47D-4289-840F-56ED79CA3BBF}.Debug|Any CPU.Build.0 = Debug|Any CPU
		{D985C640-B47D-4289-840F-56ED79CA3BBF}.Release|Any CPU.ActiveCfg = Release|Any CPU
		{D985C640-B47D-4289-840F-56ED79CA3BBF}.Release|Any CPU.Build.0 = Release|Any CPU
	EndGlobalSection
	GlobalSection(SolutionProperties) = preSolution
		HideSolutionNode = FALSE
	EndGlobalSection
	GlobalSection(ExtensibilityGlobals) = postSolution
		SolutionGuid = {3F38DEAC-556E-4B3F-AA9B-13304CEB56F8}
	EndGlobalSection
EndGlobal
